{
  "nodes": {
    "nixpkgs": {
      "locked": {
        "lastModified": 1765472234,
        "narHash": "sha256-9VvC20PJPsleGMewwcWYKGzDIyjckEz8uWmT0vCDYK0=",
        "owner": "NixOS",
        "repo": "nixpkgs",
        "rev": "2fbfb1d73d239d2402a8fe03963e37aab15abe8b",
        "type": "github"
      },
      "original": {
        "owner": "NixOS",
        "ref": "nixos-unstable",
        "repo": "nixpkgs",
        "type": "github"
      }
    },
    "root": {
      "inputs": {
        "tooling": "tooling"
      }
    },
    "rust-overlay": {
      "inputs": {
        "nixpkgs": [
          "tooling",
          "nixpkgs"
        ]
      },
      "locked": {
        "lastModified": 1765593578,
        "narHash": "sha256-qbl874bCIy9+OLImdfBfZ9ITUDDjjTAB04Dk4PlZFV0=",
        "owner": "oxalica",
        "repo": "rust-overlay",
        "rev": "348b94ed9ddffccdf1a65582a2dcff0a4a3eeeb4",
        "type": "github"
      },
      "original": {
        "owner": "oxalica",
        "repo": "rust-overlay",
        "type": "github"
      }
    },
    "tooling": {
      "inputs": {
        "nixpkgs": "nixpkgs",
        "rust-overlay": "rust-overlay"
      },
      "locked": {
        "lastModified": 1765646871,
        "narHash": "sha256-0e6ipFkPiTHIBPy7IaIQ9vcFg17jQHXtHDgP3bjU0Qs=",
        "ref": "refs/heads/master",
        "rev": "1161a4daae126430131adc75659e7b2afbddf294",
        "revCount": 9,
        "type": "git",
        "url": "https://forgejo.r0chd.pl/mox-desktop/tooling.git"
      },
      "original": {
        "type": "git",
        "url": "https://forgejo.r0chd.pl/mox-desktop/tooling.git"
      }
    }
  },
  "root": "root",
  "version": 7
}
