{
  "nodes": {
    "nixpkgs": {
      "locked": {
        "lastModified": 1763966396,
        "narHash": "sha256-6eeL1YPcY1MV3DDStIDIdy/zZCDKgHdkCmsrLJFiZf0=",
        "owner": "NixOS",
        "repo": "nixpkgs",
        "rev": "5ae3b07d8d6527c42f17c876e404993199144b6a",
        "type": "github"
      },
      "original": {
        "owner": "NixOS",
        "ref": "nixos-unstable",
        "repo": "nixpkgs",
        "type": "github"
      }
    },
    "root": {
      "inputs": {
        "tooling": "tooling"
      }
    },
    "rust-overlay": {
      "inputs": {
        "nixpkgs": [
          "tooling",
          "nixpkgs"
        ]
      },
      "locked": {
        "lastModified": 1764211126,
        "narHash": "sha256-p5y13PnMZYd5WdHk+XCzyUaLGBUCwnz2n4KYKEZM0Pw=",
        "owner": "oxalica",
        "repo": "rust-overlay",
        "rev": "895935bff08cfcfb663fb9c8263c43596e7cd1ed",
        "type": "github"
      },
      "original": {
        "owner": "oxalica",
        "repo": "rust-overlay",
        "type": "github"
      }
    },
    "tooling": {
      "inputs": {
        "nixpkgs": "nixpkgs",
        "rust-overlay": "rust-overlay"
      },
      "locked": {
        "lastModified": 1758049156,
        "narHash": "sha256-1WwkfzlRgYs8YmDlflTqJvbKowZMtOW946dXdVCLgPM=",
        "owner": "mox-desktop",
        "repo": "tooling",
        "rev": "489521b7a1a38d76491c9b443e4af9beec7f0350",
        "type": "github"
      },
      "original": {
        "owner": "mox-desktop",
        "repo": "tooling",
        "type": "github"
      }
    }
  },
  "root": "root",
  "version": 7
}
